
Microsoft Visual Studio Solution File, Format Version 12.00
# Visual Studio Version 17
VisualStudioVersion = 17.10.35027.167
MinimumVisualStudioVersion = 10.0.40219.1
Project("{FAE04EC0-301F-11D3-BF4B-00C04F79EFBC}") = "App Clima Proyecto.Android", "App Clima Proyecto\App Clima Proyecto.Android\App Clima Proyecto.Android.csproj", "{D3BFC27A-6780-443F-8B16-0319FA2FA837}"
EndProject
Project("{FAE04EC0-301F-11D3-BF4B-00C04F79EFBC}") = "App Clima Proyecto.iOS", "App Clima Proyecto\App Clima Proyecto.iOS\App Clima Proyecto.iOS.csproj", "{CB01ACEF-E9CB-43F4-884E-3D5FF773F45C}"
EndProject
Project("{9A19103F-16F7-4668-BE54-9A1E7A4F7556}") = "App Clima Proyecto", "App Clima Proyecto\App Clima Proyecto\App Clima Proyecto.csproj", "{DFDC6946-0BB1-4394-8949-F5CB7784485D}"
EndProject
Global
	GlobalSection(SolutionConfigurationPlatforms) = preSolution
		Debug|Any CPU = Debug|Any CPU
		Debug|iPhone = Debug|iPhone
		Debug|iPhoneSimulator = Debug|iPhoneSimulator
		Release|Any CPU = Release|Any CPU
		Release|iPhone = Release|iPhone
		Release|iPhoneSimulator = Release|iPhoneSimulator
	EndGlobalSection
	GlobalSection(ProjectConfigurationPlatforms) = postSolution
		{D3BFC27A-6780-443F-8B16-0319FA2FA837}.Debug|Any CPU.ActiveCfg = Debug|Any CPU
		{D3BFC27A-6780-443F-8B16-0319FA2FA837}.Debug|Any CPU.Build.0 = Debug|Any CPU
		{D3BFC27A-6780-443F-8B16-0319FA2FA837}.Debug|Any CPU.Deploy.0 = Debug|Any CPU
		{D3BFC27A-6780-443F-8B16-0319FA2FA837}.Debug|iPhone.ActiveCfg = Debug|Any CPU
		{D3BFC27A-6780-443F-8B16-0319FA2FA837}.Debug|iPhone.Build.0 = Debug|Any CPU
		{D3BFC27A-6780-443F-8B16-0319FA2FA837}.Debug|iPhone.Deploy.0 = Debug|Any CPU
		{D3BFC27A-6780-443F-8B16-0319FA2FA837}.Debug|iPhoneSimulator.ActiveCfg = Debug|Any CPU
		{D3BFC27A-6780-443F-8B16-0319FA2FA837}.Debug|iPhoneSimulator.Build.0 = Debug|Any CPU
		{D3BFC27A-6780-443F-8B16-0319FA2FA837}.Debug|iPhoneSimulator.Deploy.0 = Debug|Any CPU
		{D3BFC27A-6780-443F-8B16-0319FA2FA837}.Release|Any CPU.ActiveCfg = Release|Any CPU
		{D3BFC27A-6780-443F-8B16-0319FA2FA837}.Release|Any CPU.Build.0 = Release|Any CPU
		{D3BFC27A-6780-443F-8B16-0319FA2FA837}.Release|Any CPU.Deploy.0 = Release|Any CPU
		{D3BFC27A-6780-443F-8B16-0319FA2FA837}.Release|iPhone.ActiveCfg = Release|Any CPU
		{D3BFC27A-6780-443F-8B16-0319FA2FA837}.Release|iPhone.Build.0 = Release|Any CPU
		{D3BFC27A-6780-443F-8B16-0319FA2FA837}.Release|iPhone.Deploy.0 = Release|Any CPU
		{D3BFC27A-6780-443F-8B16-0319FA2FA837}.Release|iPhoneSimulator.ActiveCfg = Release|Any CPU
		{D3BFC27A-6780-443F-8B16-0319FA2FA837}.Release|iPhoneSimulator.Build.0 = Release|Any CPU
		{D3BFC27A-6780-443F-8B16-0319FA2FA837}.Release|iPhoneSimulator.Deploy.0 = Release|Any CPU
		{CB01ACEF-E9CB-43F4-884E-3D5FF773F45C}.Debug|Any CPU.ActiveCfg = Debug|iPhone
		{CB01ACEF-E9CB-43F4-884E-3D5FF773F45C}.Debug|Any CPU.Build.0 = Debug|iPhone
		{CB01ACEF-E9CB-43F4-884E-3D5FF773F45C}.Debug|Any CPU.Deploy.0 = Debug|iPhone
		{CB01ACEF-E9CB-43F4-884E-3D5FF773F45C}.Debug|iPhone.ActiveCfg = Debug|iPhone
		{CB01ACEF-E9CB-43F4-884E-3D5FF773F45C}.Debug|iPhone.Build.0 = Debug|iPhone
		{CB01ACEF-E9CB-43F4-884E-3D5FF773F45C}.Debug|iPhone.Deploy.0 = Debug|iPhone
		{CB01ACEF-E9CB-43F4-884E-3D5FF773F45C}.Debug|iPhoneSimulator.ActiveCfg = Debug|iPhoneSimulator
		{CB01ACEF-E9CB-43F4-884E-3D5FF773F45C}.Debug|iPhoneSimulator.Build.0 = Debug|iPhoneSimulator
		{CB01ACEF-E9CB-43F4-884E-3D5FF773F45C}.Debug|iPhoneSimulator.Deploy.0 = Debug|iPhoneSimulator
		{CB01ACEF-E9CB-43F4-884E-3D5FF773F45C}.Release|Any CPU.ActiveCfg = Release|iPhoneSimulator
		{CB01ACEF-E9CB-43F4-884E-3D5FF773F45C}.Release|Any CPU.Build.0 = Release|iPhoneSimulator
		{CB01ACEF-E9CB-43F4-884E-3D5FF773F45C}.Release|Any CPU.Deploy.0 = Release|iPhoneSimulator
		{CB01ACEF-E9CB-43F4-884E-3D5FF773F45C}.Release|iPhone.ActiveCfg = Release|iPhone
		{CB01ACEF-E9CB-43F4-884E-3D5FF773F45C}.Release|iPhone.Build.0 = Release|iPhone
		{CB01ACEF-E9CB-43F4-884E-3D5FF773F45C}.Release|iPhone.Deploy.0 = Release|iPhone
		{CB01ACEF-E9CB-43F4-884E-3D5FF773F45C}.Release|iPhoneSimulator.ActiveCfg = Release|iPhoneSimulator
		{CB01ACEF-E9CB-43F4-884E-3D5FF773F45C}.Release|iPhoneSimulator.Build.0 = Release|iPhoneSimulator
		{CB01ACEF-E9CB-43F4-884E-3D5FF773F45C}.Release|iPhoneSimulator.Deploy.0 = Release|iPhoneSimulator
		{DFDC6946-0BB1-4394-8949-F5CB7784485D}.Debug|Any CPU.ActiveCfg = Debug|Any CPU
		{DFDC6946-0BB1-4394-8949-F5CB7784485D}.Debug|Any CPU.Build.0 = Debug|Any CPU
		{DFDC6946-0BB1-4394-8949-F5CB7784485D}.Debug|Any CPU.Deploy.0 = Debug|Any CPU
		{DFDC6946-0BB1-4394-8949-F5CB7784485D}.Debug|iPhone.ActiveCfg = Debug|Any CPU
		{DFDC6946-0BB1-4394-8949-F5CB7784485D}.Debug|iPhone.Build.0 = Debug|Any CPU
		{DFDC6946-0BB1-4394-8949-F5CB7784485D}.Debug|iPhone.Deploy.0 = Debug|Any CPU
		{DFDC6946-0BB1-4394-8949-F5CB7784485D}.Debug|iPhoneSimulator.ActiveCfg = Debug|Any CPU
		{DFDC6946-0BB1-4394-8949-F5CB7784485D}.Debug|iPhoneSimulator.Build.0 = Debug|Any CPU
		{DFDC6946-0BB1-4394-8949-F5CB7784485D}.Debug|iPhoneSimulator.Deploy.0 = Debug|Any CPU
		{DFDC6946-0BB1-4394-8949-F5CB7784485D}.Release|Any CPU.ActiveCfg = Release|Any CPU
		{DFDC6946-0BB1-4394-8949-F5CB7784485D}.Release|Any CPU.Build.0 = Release|Any CPU
		{DFDC6946-0BB1-4394-8949-F5CB7784485D}.Release|Any CPU.Deploy.0 = Release|Any CPU
		{DFDC6946-0BB1-4394-8949-F5CB7784485D}.Release|iPhone.ActiveCfg = Release|Any CPU
		{DFDC6946-0BB1-4394-8949-F5CB7784485D}.Release|iPhone.Build.0 = Release|Any CPU
		{DFDC6946-0BB1-4394-8949-F5CB7784485D}.Release|iPhone.Deploy.0 = Release|Any CPU
		{DFDC6946-0BB1-4394-8949-F5CB7784485D}.Release|iPhoneSimulator.ActiveCfg = Release|Any CPU
		{DFDC6946-0BB1-4394-8949-F5CB7784485D}.Release|iPhoneSimulator.Build.0 = Release|Any CPU
		{DFDC6946-0BB1-4394-8949-F5CB7784485D}.Release|iPhoneSimulator.Deploy.0 = Release|Any CPU
	EndGlobalSection
	GlobalSection(SolutionProperties) = preSolution
		HideSolutionNode = FALSE
	EndGlobalSection
	GlobalSection(ExtensibilityGlobals) = postSolution
		SolutionGuid = {14F86A07-1103-4707-B317-31077050943C}
	EndGlobalSection
EndGlobal
